
Microsoft Visual Studio Solution File, Format Version 12.00
# Visual Studio Version 16
VisualStudioVersion = 16.0.32126.315
MinimumVisualStudioVersion = 10.0.40219.1
Project("{8BC9CEB8-8B4A-11D0-8D11-00A0C91BC942}") = "DX12Introduce", "DX12Introduce.vcxproj", "{E09D9091-1F9B-4410-B04B-05BF71F0AB0B}"
EndProject
Global
	GlobalSection(SolutionConfigurationPlatforms) = preSolution
		Debug|Win32 = Debug|Win32
		Debug|x64 = Debug|x64
		Debug|x86 = Debug|x86
		Release|Win32 = Release|Win32
		Release|x64 = Release|x64
		Release|x86 = Release|x86
	EndGlobalSection
	GlobalSection(ProjectConfigurationPlatforms) = postSolution
		{E09D9091-1F9B-4410-B04B-05BF71F0AB0B}.Debug|Win32.ActiveCfg = Debug|x64
		{E09D9091-1F9B-4410-B04B-05BF71F0AB0B}.Debug|Win32.Build.0 = Debug|x64
		{E09D9091-1F9B-4410-B04B-05BF71F0AB0B}.Debug|x64.ActiveCfg = Debug|x64
		{E09D9091-1F9B-4410-B04B-05BF71F0AB0B}.Debug|x64.Build.0 = Debug|x64
		{E09D9091-1F9B-4410-B04B-05BF71F0AB0B}.Debug|x86.ActiveCfg = Debug|Win32
		{E09D9091-1F9B-4410-B04B-05BF71F0AB0B}.Debug|x86.Build.0 = Debug|Win32
		{E09D9091-1F9B-4410-B04B-05BF71F0AB0B}.Release|Win32.ActiveCfg = Release|x64
		{E09D9091-1F9B-4410-B04B-05BF71F0AB0B}.Release|Win32.Build.0 = Release|x64
		{E09D9091-1F9B-4410-B04B-05BF71F0AB0B}.Release|x64.ActiveCfg = Release|x64
		{E09D9091-1F9B-4410-B04B-05BF71F0AB0B}.Release|x64.Build.0 = Release|x64
		{E09D9091-1F9B-4410-B04B-05BF71F0AB0B}.Release|x86.ActiveCfg = Release|Win32
		{E09D9091-1F9B-4410-B04B-05BF71F0AB0B}.Release|x86.Build.0 = Release|Win32
	EndGlobalSection
	GlobalSection(SolutionProperties) = preSolution
		HideSolutionNode = FALSE
	EndGlobalSection
	GlobalSection(ExtensibilityGlobals) = postSolution
		SolutionGuid = {80F47B0D-DAB3-4E80-AEE9-DC974F1A873F}
	EndGlobalSection
EndGlobal
